// !$*UTF8*$!
{
	archiveVersion = 1;
	classes = {
	};
	objectVersion = 56;
	objects = {

/* Begin PBXBuildFile section */
		9299BB342A66690300055C02 /* AppDelegate.swift in Sources */ = {isa = PBXBuildFile; fileRef = 9299BB332A66690300055C02 /* AppDelegate.swift */; };
		9299BB362A66690300055C02 /* SceneDelegate.swift in Sources */ = {isa = PBXBuildFile; fileRef = 9299BB352A66690300055C02 /* SceneDelegate.swift */; };
		9299BB382A66690300055C02 /* ViewController.swift in Sources */ = {isa = PBXBuildFile; fileRef = 9299BB372A66690300055C02 /* ViewController.swift */; };
		9299BB3B2A66690300055C02 /* Main.storyboard in Resources */ = {isa = PBXBuildFile; fileRef = 9299BB392A66690300055C02 /* Main.storyboard */; };
		9299BB3D2A66690600055C02 /* Assets.xcassets in Resources */ = {isa = PBXBuildFile; fileRef = 9299BB3C2A66690600055C02 /* Assets.xcassets */; };
		9299BB402A66690600055C02 /* LaunchScreen.storyboard in Resources */ = {isa = PBXBuildFile; fileRef = 9299BB3E2A66690600055C02 /* LaunchScreen.storyboard */; };
		9299BB4B2A66690700055C02 /* praciceTests.swift in Sources */ = {isa = PBXBuildFile; fileRef = 9299BB4A2A66690700055C02 /* praciceTests.swift */; };
		9299BB552A66690700055C02 /* praciceUITests.swift in Sources */ = {isa = PBXBuildFile; fileRef = 9299BB542A66690700055C02 /* praciceUITests.swift */; };
		9299BB572A66690700055C02 /* praciceUITestsLaunchTests.swift in Sources */ = {isa = PBXBuildFile; fileRef = 9299BB562A66690700055C02 /* praciceUITestsLaunchTests.swift */; };
/* End PBXBuildFile section */

/* Begin PBXContainerItemProxy section */
		9299BB472A66690700055C02 /* PBXContainerItemProxy */ = {
			isa = PBXContainerItemProxy;
			containerPortal = 9299BB282A66690200055C02 /* Project object */;
			proxyType = 1;
			remoteGlobalIDString = 9299BB2F2A66690300055C02;
			remoteInfo = pracice;
		};
		9299BB512A66690700055C02 /* PBXContainerItemProxy */ = {
			isa = PBXContainerItemProxy;
			containerPortal = 9299BB282A66690200055C02 /* Project object */;
			proxyType = 1;
			remoteGlobalIDString = 9299BB2F2A66690300055C02;
			remoteInfo = pracice;
		};
/* End PBXContainerItemProxy section */

/* Begin PBXFileReference section */
		9299BB302A66690300055C02 /* pracice.app */ = {isa = PBXFileReference; explicitFileType = wrapper.application; includeInIndex = 0; path = pracice.app; sourceTree = BUILT_PRODUCTS_DIR; };
		9299BB332A66690300055C02 /* AppDelegate.swift */ = {isa = PBXFileReference; lastKnownFileType = sourcecode.swift; path = AppDelegate.swift; sourceTree = "<group>"; };
		9299BB352A66690300055C02 /* SceneDelegate.swift */ = {isa = PBXFileReference; lastKnownFileType = sourcecode.swift; path = SceneDelegate.swift; sourceTree = "<group>"; };
		9299BB372A66690300055C02 /* ViewController.swift */ = {isa = PBXFileReference; lastKnownFileType = sourcecode.swift; path = ViewController.swift; sourceTree = "<group>"; };
		9299BB3A2A66690300055C02 /* Base */ = {isa = PBXFileReference; lastKnownFileType = file.storyboard; name = Base; path = Base.lproj/Main.storyboard; sourceTree = "<group>"; };
		9299BB3C2A66690600055C02 /* Assets.xcassets */ = {isa = PBXFileReference; lastKnownFileType = folder.assetcatalog; path = Assets.xcassets; sourceTree = "<group>"; };
		9299BB3F2A66690600055C02 /* Base */ = {isa = PBXFileReference; lastKnownFileType = file.storyboard; name = Base; path = Base.lproj/LaunchScreen.storyboard; sourceTree = "<group>"; };
		9299BB412A66690600055C02 /* Info.plist */ = {isa = PBXFileReference; lastKnownFileType = text.plist.xml; path = Info.plist; sourceTree = "<group>"; };
		9299BB462A66690700055C02 /* praciceTests.xctest */ = {isa = PBXFileReference; explicitFileType = wrapper.cfbundle; includeInIndex = 0; path = praciceTests.xctest; sourceTree = BUILT_PRODUCTS_DIR; };
		9299BB4A2A66690700055C02 /* praciceTests.swift */ = {isa = PBXFileReference; lastKnownFileType = sourcecode.swift; path = praciceTests.swift; sourceTree = "<group>"; };
		9299BB502A66690700055C02 /* praciceUITests.xctest */ = {isa = PBXFileReference; explicitFileType = wrapper.cfbundle; includeInIndex = 0; path = praciceUITests.xctest; sourceTree = BUILT_PRODUCTS_DIR; };
		9299BB542A66690700055C02 /* praciceUITests.swift */ = {isa = PBXFileReference; lastKnownFileType = sourcecode.swift; path = praciceUITests.swift; sourceTree = "<group>"; };
		9299BB562A66690700055C02 /* praciceUITestsLaunchTests.swift */ = {isa = PBXFileReference; lastKnownFileType = sourcecode.swift; path = praciceUITestsLaunchTests.swift; sourceTree = "<group>"; };
/* End PBXFileReference section */

/* Begin PBXFrameworksBuildPhase section */
		9299BB2D2A66690300055C02 /* Frameworks */ = {
			isa = PBXFrameworksBuildPhase;
			buildActionMask = 2147483647;
			files = (
			);
			runOnlyForDeploymentPostprocessing = 0;
		};
		9299BB432A66690700055C02 /* Frameworks */ = {
			isa = PBXFrameworksBuildPhase;
			buildActionMask = 2147483647;
			files = (
			);
			runOnlyForDeploymentPostprocessing = 0;
		};
		9299BB4D2A66690700055C02 /* Frameworks */ = {
			isa = PBXFrameworksBuildPhase;
			buildActionMask = 2147483647;
			files = (
			);
			runOnlyForDeploymentPostprocessing = 0;
		};
/* End PBXFrameworksBuildPhase section */

/* Begin PBXGroup section */
		9299BB272A66690200055C02 = {
			isa = PBXGroup;
			children = (
				9299BB322A66690300055C02 /* pracice */,
				9299BB492A66690700055C02 /* praciceTests */,
				9299BB532A66690700055C02 /* praciceUITests */,
				9299BB312A66690300055C02 /* Products */,
			);
			sourceTree = "<group>";
		};
		9299BB312A66690300055C02 /* Products */ = {
			isa = PBXGroup;
			children = (
				9299BB302A66690300055C02 /* pracice.app */,
				9299BB462A66690700055C02 /* praciceTests.xctest */,
				9299BB502A66690700055C02 /* praciceUITests.xctest */,
			);
			name = Products;
			sourceTree = "<group>";
		};
		9299BB322A66690300055C02 /* pracice */ = {
			isa = PBXGroup;
			children = (
				9299BB332A66690300055C02 /* AppDelegate.swift */,
				9299BB352A66690300055C02 /* SceneDelegate.swift */,
				9299BB372A66690300055C02 /* ViewController.swift */,
				9299BB392A66690300055C02 /* Main.storyboard */,
				9299BB3C2A66690600055C02 /* Assets.xcassets */,
				9299BB3E2A66690600055C02 /* LaunchScreen.storyboard */,
				9299BB412A66690600055C02 /* Info.plist */,
			);
			path = pracice;
			sourceTree = "<group>";
		};
		9299BB492A66690700055C02 /* praciceTests */ = {
			isa = PBXGroup;
			children = (
				9299BB4A2A66690700055C02 /* praciceTests.swift */,
			);
			path = praciceTests;
			sourceTree = "<group>";
		};
		9299BB532A66690700055C02 /* praciceUITests */ = {
			isa = PBXGroup;
			children = (
				9299BB542A66690700055C02 /* praciceUITests.swift */,
				9299BB562A66690700055C02 /* praciceUITestsLaunchTests.swift */,
			);
			path = praciceUITests;
			sourceTree = "<group>";
		};
/* End PBXGroup section */

/* Begin PBXNativeTarget section */
		9299BB2F2A66690300055C02 /* pracice */ = {
			isa = PBXNativeTarget;
			buildConfigurationList = 9299BB5A2A66690700055C02 /* Build configuration list for PBXNativeTarget "pracice" */;
			buildPhases = (
				9299BB2C2A66690300055C02 /* Sources */,
				9299BB2D2A66690300055C02 /* Frameworks */,
				9299BB2E2A66690300055C02 /* Resources */,
			);
			buildRules = (
			);
			dependencies = (
			);
			name = pracice;
			productName = pracice;
			productReference = 9299BB302A66690300055C02 /* pracice.app */;
			productType = "com.apple.product-type.application";
		};
		9299BB452A66690700055C02 /* praciceTests */ = {
			isa = PBXNativeTarget;
			buildConfigurationList = 9299BB5D2A66690700055C02 /* Build configuration list for PBXNativeTarget "praciceTests" */;
			buildPhases = (
				9299BB422A66690700055C02 /* Sources */,
				9299BB432A66690700055C02 /* Frameworks */,
				9299BB442A66690700055C02 /* Resources */,
			);
			buildRules = (
			);
			dependencies = (
				9299BB482A66690700055C02 /* PBXTargetDependency */,
			);
			name = praciceTests;
			productName = praciceTests;
			productReference = 9299BB462A66690700055C02 /* praciceTests.xctest */;
			productType = "com.apple.product-type.bundle.unit-test";
		};
		9299BB4F2A66690700055C02 /* praciceUITests */ = {
			isa = PBXNativeTarget;
			buildConfigurationList = 9299BB602A66690700055C02 /* Build configuration list for PBXNativeTarget "praciceUITests" */;
			buildPhases = (
				9299BB4C2A66690700055C02 /* Sources */,
				9299BB4D2A66690700055C02 /* Frameworks */,
				9299BB4E2A66690700055C02 /* Resources */,
			);
			buildRules = (
			);
			dependencies = (
				9299BB522A66690700055C02 /* PBXTargetDependency */,
			);
			name = praciceUITests;
			productName = praciceUITests;
			productReference = 9299BB502A66690700055C02 /* praciceUITests.xctest */;
			productType = "com.apple.product-type.bundle.ui-testing";
		};
/* End PBXNativeTarget section */

/* Begin PBXProject section */
		9299BB282A66690200055C02 /* Project object */ = {
			isa = PBXProject;
			attributes = {
				BuildIndependentTargetsInParallel = 1;
				LastSwiftUpdateCheck = 1410;
				LastUpgradeCheck = 1410;
				TargetAttributes = {
					9299BB2F2A66690300055C02 = {
						CreatedOnToolsVersion = 14.1;
					};
					9299BB452A66690700055C02 = {
						CreatedOnToolsVersion = 14.1;
						TestTargetID = 9299BB2F2A66690300055C02;
					};
					9299BB4F2A66690700055C02 = {
						CreatedOnToolsVersion = 14.1;
						TestTargetID = 9299BB2F2A66690300055C02;
					};
				};
			};
			buildConfigurationList = 9299BB2B2A66690200055C02 /* Build configuration list for PBXProject "pracice" */;
			compatibilityVersion = "Xcode 14.0";
			developmentRegion = en;
			hasScannedForEncodings = 0;
			knownRegions = (
				en,
				Base,
			);
			mainGroup = 9299BB272A66690200055C02;
			productRefGroup = 9299BB312A66690300055C02 /* Products */;
			projectDirPath = "";
			projectRoot = "";
			targets = (
				9299BB2F2A66690300055C02 /* pracice */,
				9299BB452A66690700055C02 /* praciceTests */,
				9299BB4F2A66690700055C02 /* praciceUITests */,
			);
		};
/* End PBXProject section */

/* Begin PBXResourcesBuildPhase section */
		9299BB2E2A66690300055C02 /* Resources */ = {
			isa = PBXResourcesBuildPhase;
			buildActionMask = 2147483647;
			files = (
				9299BB402A66690600055C02 /* LaunchScreen.storyboard in Resources */,
				9299BB3D2A66690600055C02 /* Assets.xcassets in Resources */,
				9299BB3B2A66690300055C02 /* Main.storyboard in Resources */,
			);
			runOnlyForDeploymentPostprocessing = 0;
		};
		9299BB442A66690700055C02 /* Resources */ = {
			isa = PBXResourcesBuildPhase;
			buildActionMask = 2147483647;
			files = (
			);
			runOnlyForDeploymentPostprocessing = 0;
		};
		9299BB4E2A66690700055C02 /* Resources */ = {
			isa = PBXResourcesBuildPhase;
			buildActionMask = 2147483647;
			files = (
			);
			runOnlyForDeploymentPostprocessing = 0;
		};
/* End PBXResourcesBuildPhase section */

/* Begin PBXSourcesBuildPhase section */
		9299BB2C2A66690300055C02 /* Sources */ = {
			isa = PBXSourcesBuildPhase;
			buildActionMask = 2147483647;
			files = (
				9299BB382A66690300055C02 /* ViewController.swift in Sources */,
				9299BB342A66690300055C02 /* AppDelegate.swift in Sources */,
				9299BB362A66690300055C02 /* SceneDelegate.swift in Sources */,
			);
			runOnlyForDeploymentPostprocessing = 0;
		};
		9299BB422A66690700055C02 /* Sources */ = {
			isa = PBXSourcesBuildPhase;
			buildActionMask = 2147483647;
			files = (
				9299BB4B2A66690700055C02 /* praciceTests.swift in Sources */,
			);
			runOnlyForDeploymentPostprocessing = 0;
		};
		9299BB4C2A66690700055C02 /* Sources */ = {
			isa = PBXSourcesBuildPhase;
			buildActionMask = 2147483647;
			files = (
				9299BB572A66690700055C02 /* praciceUITestsLaunchTests.swift in Sources */,
				9299BB552A66690700055C02 /* praciceUITests.swift in Sources */,
			);
			runOnlyForDeploymentPostprocessing = 0;
		};
/* End PBXSourcesBuildPhase section */

/* Begin PBXTargetDependency section */
		9299BB482A66690700055C02 /* PBXTargetDependency */ = {
			isa = PBXTargetDependency;
			target = 9299BB2F2A66690300055C02 /* pracice */;
			targetProxy = 9299BB472A66690700055C02 /* PBXContainerItemProxy */;
		};
		9299BB522A66690700055C02 /* PBXTargetDependency */ = {
			isa = PBXTargetDependency;
			target = 9299BB2F2A66690300055C02 /* pracice */;
			targetProxy = 9299BB512A66690700055C02 /* PBXContainerItemProxy */;
		};
/* End PBXTargetDependency section */

/* Begin PBXVariantGroup section */
		9299BB392A66690300055C02 /* Main.storyboard */ = {
			isa = PBXVariantGroup;
			children = (
				9299BB3A2A66690300055C02 /* Base */,
			);
			name = Main.storyboard;
			sourceTree = "<group>";
		};
		9299BB3E2A66690600055C02 /* LaunchScreen.storyboard */ = {
			isa = PBXVariantGroup;
			children = (
				9299BB3F2A66690600055C02 /* Base */,
			);
			name = LaunchScreen.storyboard;
			sourceTree = "<group>";
		};
/* End PBXVariantGroup section */

/* Begin XCBuildConfiguration section */
		9299BB582A66690700055C02 /* Debug */ = {
			isa = XCBuildConfiguration;
			buildSettings = {
				ALWAYS_SEARCH_USER_PATHS = NO;
				CLANG_ANALYZER_NONNULL = YES;
				CLANG_ANALYZER_NUMBER_OBJECT_CONVERSION = YES_AGGRESSIVE;
				CLANG_CXX_LANGUAGE_STANDARD = "gnu++20";
				CLANG_ENABLE_MODULES = YES;
				CLANG_ENABLE_OBJC_ARC = YES;
				CLANG_ENABLE_OBJC_WEAK = YES;
				CLANG_WARN_BLOCK_CAPTURE_AUTORELEASING = YES;
				CLANG_WARN_BOOL_CONVERSION = YES;
				CLANG_WARN_COMMA = YES;
				CLANG_WARN_CONSTANT_CONVERSION = YES;
				CLANG_WARN_DEPRECATED_OBJC_IMPLEMENTATIONS = YES;
				CLANG_WARN_DIRECT_OBJC_ISA_USAGE = YES_ERROR;
				CLANG_WARN_DOCUMENTATION_COMMENTS = YES;
				CLANG_WARN_EMPTY_BODY = YES;
				CLANG_WARN_ENUM_CONVERSION = YES;
				CLANG_WARN_INFINITE_RECURSION = YES;
				CLANG_WARN_INT_CONVERSION = YES;
				CLANG_WARN_NON_LITERAL_NULL_CONVERSION = YES;
				CLANG_WARN_OBJC_IMPLICIT_RETAIN_SELF = YES;
				CLANG_WARN_OBJC_LITERAL_CONVERSION = YES;
				CLANG_WARN_OBJC_ROOT_CLASS = YES_ERROR;
				CLANG_WARN_QUOTED_INCLUDE_IN_FRAMEWORK_HEADER = YES;
				CLANG_WARN_RANGE_LOOP_ANALYSIS = YES;
				CLANG_WARN_STRICT_PROTOTYPES = YES;
				CLANG_WARN_SUSPICIOUS_MOVE = YES;
				CLANG_WARN_UNGUARDED_AVAILABILITY = YES_AGGRESSIVE;
				CLANG_WARN_UNREACHABLE_CODE = YES;
				CLANG_WARN__DUPLICATE_METHOD_MATCH = YES;
				COPY_PHASE_STRIP = NO;
				DEBUG_INFORMATION_FORMAT = dwarf;
				ENABLE_STRICT_OBJC_MSGSEND = YES;
				ENABLE_TESTABILITY = YES;
				GCC_C_LANGUAGE_STANDARD = gnu11;
				GCC_DYNAMIC_NO_PIC = NO;
				GCC_NO_COMMON_BLOCKS = YES;
				GCC_OPTIMIZATION_LEVEL = 0;
				GCC_PREPROCESSOR_DEFINITIONS = (
					"DEBUG=1",
					"$(inherited)",
				);
				GCC_WARN_64_TO_32_BIT_CONVERSION = YES;
				GCC_WARN_ABOUT_RETURN_TYPE = YES_ERROR;
				GCC_WARN_UNDECLARED_SELECTOR = YES;
				GCC_WARN_UNINITIALIZED_AUTOS = YES_AGGRESSIVE;
				GCC_WARN_UNUSED_FUNCTION = YES;
				GCC_WARN_UNUSED_VARIABLE = YES;
				IPHONEOS_DEPLOYMENT_TARGET = 16.1;
				MTL_ENABLE_DEBUG_INFO = INCLUDE_SOURCE;
				MTL_FAST_MATH = YES;
				ONLY_ACTIVE_ARCH = YES;
				SDKROOT = iphoneos;
				SWIFT_ACTIVE_COMPILATION_CONDITIONS = DEBUG;
				SWIFT_OPTIMIZATION_LEVEL = "-Onone";
			};
			name = Debug;
		};
		9299BB592A66690700055C02 /* Release */ = {
			isa = XCBuildConfiguration;
			buildSettings = {
				ALWAYS_SEARCH_USER_PATHS = NO;
				CLANG_ANALYZER_NONNULL = YES;
				CLANG_ANALYZER_NUMBER_OBJECT_CONVERSION = YES_AGGRESSIVE;
				CLANG_CXX_LANGUAGE_STANDARD = "gnu++20";
				CLANG_ENABLE_MODULES = YES;
				CLANG_ENABLE_OBJC_ARC = YES;
				CLANG_ENABLE_OBJC_WEAK = YES;
				CLANG_WARN_BLOCK_CAPTURE_AUTORELEASING = YES;
				CLANG_WARN_BOOL_CONVERSION = YES;
				CLANG_WARN_COMMA = YES;
				CLANG_WARN_CONSTANT_CONVERSION = YES;
				CLANG_WARN_DEPRECATED_OBJC_IMPLEMENTATIONS = YES;
				CLANG_WARN_DIRECT_OBJC_ISA_USAGE = YES_ERROR;
				CLANG_WARN_DOCUMENTATION_COMMENTS = YES;
				CLANG_WARN_EMPTY_BODY = YES;
				CLANG_WARN_ENUM_CONVERSION = YES;
				CLANG_WARN_INFINITE_RECURSION = YES;
				CLANG_WARN_INT_CONVERSION = YES;
				CLANG_WARN_NON_LITERAL_NULL_CONVERSION = YES;
				CLANG_WARN_OBJC_IMPLICIT_RETAIN_SELF = YES;
				CLANG_WARN_OBJC_LITERAL_CONVERSION = YES;
				CLANG_WARN_OBJC_ROOT_CLASS = YES_ERROR;
				CLANG_WARN_QUOTED_INCLUDE_IN_FRAMEWORK_HEADER = YES;
				CLANG_WARN_RANGE_LOOP_ANALYSIS = YES;
				CLANG_WARN_STRICT_PROTOTYPES = YES;
				CLANG_WARN_SUSPICIOUS_MOVE = YES;
				CLANG_WARN_UNGUARDED_AVAILABILITY = YES_AGGRESSIVE;
				CLANG_WARN_UNREACHABLE_CODE = YES;
				CLANG_WARN__DUPLICATE_METHOD_MATCH = YES;
				COPY_PHASE_STRIP = NO;
				DEBUG_INFORMATION_FORMAT = "dwarf-with-dsym";
				ENABLE_NS_ASSERTIONS = NO;
				ENABLE_STRICT_OBJC_MSGSEND = YES;
				GCC_C_LANGUAGE_STANDARD = gnu11;
				GCC_NO_COMMON_BLOCKS = YES;
				GCC_WARN_64_TO_32_BIT_CONVERSION = YES;
				GCC_WARN_ABOUT_RETURN_TYPE = YES_ERROR;
				GCC_WARN_UNDECLARED_SELECTOR = YES;
				GCC_WARN_UNINITIALIZED_AUTOS = YES_AGGRESSIVE;
				GCC_WARN_UNUSED_FUNCTION = YES;
				GCC_WARN_UNUSED_VARIABLE = YES;
				IPHONEOS_DEPLOYMENT_TARGET = 16.1;
				MTL_ENABLE_DEBUG_INFO = NO;
				MTL_FAST_MATH = YES;
				SDKROOT = iphoneos;
				SWIFT_COMPILATION_MODE = wholemodule;
				SWIFT_OPTIMIZATION_LEVEL = "-O";
				VALIDATE_PRODUCT = YES;
			};
			name = Release;
		};
		9299BB5B2A66690700055C02 /* Debug */ = {
			isa = XCBuildConfiguration;
			buildSettings = {
				ASSETCATALOG_COMPILER_APPICON_NAME = AppIcon;
				ASSETCATALOG_COMPILER_GLOBAL_ACCENT_COLOR_NAME = AccentColor;
				CODE_SIGN_STYLE = Automatic;
				CURRENT_PROJECT_VERSION = 1;
				GENERATE_INFOPLIST_FILE = YES;
				INFOPLIST_FILE = pracice/Info.plist;
				INFOPLIST_KEY_UIApplicationSupportsIndirectInputEvents = YES;
				INFOPLIST_KEY_UILaunchStoryboardName = LaunchScreen;
				INFOPLIST_KEY_UIMainStoryboardFile = Main;
				INFOPLIST_KEY_UISupportedInterfaceOrientations_iPad = "UIInterfaceOrientationPortrait UIInterfaceOrientationPortraitUpsideDown UIInterfaceOrientationLandscapeLeft UIInterfaceOrientationLandscapeRight";
				INFOPLIST_KEY_UISupportedInterfaceOrientations_iPhone = "UIInterfaceOrientationPortrait UIInterfaceOrientationLandscapeLeft UIInterfaceOrientationLandscapeRight";
				LD_RUNPATH_SEARCH_PATHS = (
					"$(inherited)",
					"@executable_path/Frameworks",
				);
				MARKETING_VERSION = 1.0;
				PRODUCT_BUNDLE_IDENTIFIER = abc.test.pracice;
				PRODUCT_NAME = "$(TARGET_NAME)";
				SWIFT_EMIT_LOC_STRINGS = YES;
				SWIFT_VERSION = 5.0;
				TARGETED_DEVICE_FAMILY = "1,2";
			};
			name = Debug;
		};
		9299BB5C2A66690700055C02 /* Release */ = {
			isa = XCBuildConfiguration;
			buildSettings = {
				ASSETCATALOG_COMPILER_APPICON_NAME = AppIcon;
				ASSETCATALOG_COMPILER_GLOBAL_ACCENT_COLOR_NAME = AccentColor;
				CODE_SIGN_STYLE = Automatic;
				CURRENT_PROJECT_VERSION = 1;
				GENERATE_INFOPLIST_FILE = YES;
				INFOPLIST_FILE = pracice/Info.plist;
				INFOPLIST_KEY_UIApplicationSupportsIndirectInputEvents = YES;
				INFOPLIST_KEY_UILaunchStoryboardName = LaunchScreen;
				INFOPLIST_KEY_UIMainStoryboardFile = Main;
				INFOPLIST_KEY_UISupportedInterfaceOrientations_iPad = "UIInterfaceOrientationPortrait UIInterfaceOrientationPortraitUpsideDown UIInterfaceOrientationLandscapeLeft UIInterfaceOrientationLandscapeRight";
				INFOPLIST_KEY_UISupportedInterfaceOrientations_iPhone = "UIInterfaceOrientationPortrait UIInterfaceOrientationLandscapeLeft UIInterfaceOrientationLandscapeRight";
				LD_RUNPATH_SEARCH_PATHS = (
					"$(inherited)",
					"@executable_path/Frameworks",
				);
				MARKETING_VERSION = 1.0;
				PRODUCT_BUNDLE_IDENTIFIER = abc.test.pracice;
				PRODUCT_NAME = "$(TARGET_NAME)";
				SWIFT_EMIT_LOC_STRINGS = YES;
				SWIFT_VERSION = 5.0;
				TARGETED_DEVICE_FAMILY = "1,2";
			};
			name = Release;
		};
		9299BB5E2A66690700055C02 /* Debug */ = {
			isa = XCBuildConfiguration;
			buildSettings = {
				ALWAYS_EMBED_SWIFT_STANDARD_LIBRARIES = YES;
				BUNDLE_LOADER = "$(TEST_HOST)";
				CODE_SIGN_STYLE = Automatic;
				CURRENT_PROJECT_VERSION = 1;
				GENERATE_INFOPLIST_FILE = YES;
				IPHONEOS_DEPLOYMENT_TARGET = 16.1;
				MARKETING_VERSION = 1.0;
				PRODUCT_BUNDLE_IDENTIFIER = abc.test.praciceTests;
				PRODUCT_NAME = "$(TARGET_NAME)";
				SWIFT_EMIT_LOC_STRINGS = NO;
				SWIFT_VERSION = 5.0;
				TARGETED_DEVICE_FAMILY = "1,2";
				TEST_HOST = "$(BUILT_PRODUCTS_DIR)/pracice.app/$(BUNDLE_EXECUTABLE_FOLDER_PATH)/pracice";
			};
			name = Debug;
		};
		9299BB5F2A66690700055C02 /* Release */ = {
			isa = XCBuildConfiguration;
			buildSettings = {
				ALWAYS_EMBED_SWIFT_STANDARD_LIBRARIES = YES;
				BUNDLE_LOADER = "$(TEST_HOST)";
				CODE_SIGN_STYLE = Automatic;
				CURRENT_PROJECT_VERSION = 1;
				GENERATE_INFOPLIST_FILE = YES;
				IPHONEOS_DEPLOYMENT_TARGET = 16.1;
				MARKETING_VERSION = 1.0;
				PRODUCT_BUNDLE_IDENTIFIER = abc.test.praciceTests;
				PRODUCT_NAME = "$(TARGET_NAME)";
				SWIFT_EMIT_LOC_STRINGS = NO;
				SWIFT_VERSION = 5.0;
				TARGETED_DEVICE_FAMILY = "1,2";
				TEST_HOST = "$(BUILT_PRODUCTS_DIR)/pracice.app/$(BUNDLE_EXECUTABLE_FOLDER_PATH)/pracice";
			};
			name = Release;
		};
		9299BB612A66690700055C02 /* Debug */ = {
			isa = XCBuildConfiguration;
			buildSettings = {
				ALWAYS_EMBED_SWIFT_STANDARD_LIBRARIES = YES;
				CODE_SIGN_STYLE = Automatic;
				CURRENT_PROJECT_VERSION = 1;
				GENERATE_INFOPLIST_FILE = YES;
				MARKETING_VERSION = 1.0;
				PRODUCT_BUNDLE_IDENTIFIER = abc.test.praciceUITests;
				PRODUCT_NAME = "$(TARGET_NAME)";
				SWIFT_EMIT_LOC_STRINGS = NO;
				SWIFT_VERSION = 5.0;
				TARGETED_DEVICE_FAMILY = "1,2";
				TEST_TARGET_NAME = pracice;
			};
			name = Debug;
		};
		9299BB622A66690700055C02 /* Release */ = {
			isa = XCBuildConfiguration;
			buildSettings = {
				ALWAYS_EMBED_SWIFT_STANDARD_LIBRARIES = YES;
				CODE_SIGN_STYLE = Automatic;
				CURRENT_PROJECT_VERSION = 1;
				GENERATE_INFOPLIST_FILE = YES;
				MARKETING_VERSION = 1.0;
				PRODUCT_BUNDLE_IDENTIFIER = abc.test.praciceUITests;
				PRODUCT_NAME = "$(TARGET_NAME)";
				SWIFT_EMIT_LOC_STRINGS = NO;
				SWIFT_VERSION = 5.0;
				TARGETED_DEVICE_FAMILY = "1,2";
				TEST_TARGET_NAME = pracice;
			};
			name = Release;
		};
/* End XCBuildConfiguration section */

/* Begin XCConfigurationList section */
		9299BB2B2A66690200055C02 /* Build configuration list for PBXProject "pracice" */ = {
			isa = XCConfigurationList;
			buildConfigurations = (
				9299BB582A66690700055C02 /* Debug */,
				9299BB592A66690700055C02 /* Release */,
			);
			defaultConfigurationIsVisible = 0;
			defaultConfigurationName = Release;
		};
		9299BB5A2A66690700055C02 /* Build configuration list for PBXNativeTarget "pracice" */ = {
			isa = XCConfigurationList;
			buildConfigurations = (
				9299BB5B2A66690700055C02 /* Debug */,
				9299BB5C2A66690700055C02 /* Release */,
			);
			defaultConfigurationIsVisible = 0;
			defaultConfigurationName = Release;
		};
		9299BB5D2A66690700055C02 /* Build configuration list for PBXNativeTarget "praciceTests" */ = {
			isa = XCConfigurationList;
			buildConfigurations = (
				9299BB5E2A66690700055C02 /* Debug */,
				9299BB5F2A66690700055C02 /* Release */,
			);
			defaultConfigurationIsVisible = 0;
			defaultConfigurationName = Release;
		};
		9299BB602A66690700055C02 /* Build configuration list for PBXNativeTarget "praciceUITests" */ = {
			isa = XCConfigurationList;
			buildConfigurations = (
				9299BB612A66690700055C02 /* Debug */,
				9299BB622A66690700055C02 /* Release */,
			);
			defaultConfigurationIsVisible = 0;
			defaultConfigurationName = Release;
		};
/* End XCConfigurationList section */
	};
	rootObject = 9299BB282A66690200055C02 /* Project object */;
}
